
Microsoft Visual Studio Solution File, Format Version 12.00
# Visual Studio Version 17
VisualStudioVersion = 17.13.35828.75
MinimumVisualStudioVersion = 10.0.40219.1
Project("{FAE04EC0-301F-11D3-BF4B-00C04F79EFBC}") = "QuoterSolutionDK", "QuoterSolutionDK\QuoterSolutionDK.csproj", "{613DC76C-0CE8-4277-89B5-49C3168BD8C0}"
EndProject
Project("{FAE04EC0-301F-11D3-BF4B-00C04F79EFBC}") = "QuoterSolutionDKTests", "QuoterSolutionDKTests\QuoterSolutionDKTests.csproj", "{980CA5A9-A8DD-49A5-B7AB-89004289AF62}"
EndProject
Project("{FAE04EC0-301F-11D3-BF4B-00C04F79EFBC}") = "QuoterConsoleApp", "QuoterConsoleApp\QuoterConsoleApp.csproj", "{11EE7696-A3C0-5B87-182D-F9E544E5A922}"
EndProject
Global
	GlobalSection(SolutionConfigurationPlatforms) = preSolution
		Debug|Any CPU = Debug|Any CPU
		Release|Any CPU = Release|Any CPU
	EndGlobalSection
	GlobalSection(ProjectConfigurationPlatforms) = postSolution
		{613DC76C-0CE8-4277-89B5-49C3168BD8C0}.Debug|Any CPU.ActiveCfg = Debug|Any CPU
		{613DC76C-0CE8-4277-89B5-49C3168BD8C0}.Debug|Any CPU.Build.0 = Debug|Any CPU
		{613DC76C-0CE8-4277-89B5-49C3168BD8C0}.Release|Any CPU.ActiveCfg = Release|Any CPU
		{613DC76C-0CE8-4277-89B5-49C3168BD8C0}.Release|Any CPU.Build.0 = Release|Any CPU
		{980CA5A9-A8DD-49A5-B7AB-89004289AF62}.Debug|Any CPU.ActiveCfg = Debug|Any CPU
		{980CA5A9-A8DD-49A5-B7AB-89004289AF62}.Debug|Any CPU.Build.0 = Debug|Any CPU
		{980CA5A9-A8DD-49A5-B7AB-89004289AF62}.Release|Any CPU.ActiveCfg = Release|Any CPU
		{980CA5A9-A8DD-49A5-B7AB-89004289AF62}.Release|Any CPU.Build.0 = Release|Any CPU
		{11EE7696-A3C0-5B87-182D-F9E544E5A922}.Debug|Any CPU.ActiveCfg = Debug|Any CPU
		{11EE7696-A3C0-5B87-182D-F9E544E5A922}.Debug|Any CPU.Build.0 = Debug|Any CPU
		{11EE7696-A3C0-5B87-182D-F9E544E5A922}.Release|Any CPU.ActiveCfg = Release|Any CPU
		{11EE7696-A3C0-5B87-182D-F9E544E5A922}.Release|Any CPU.Build.0 = Release|Any CPU
	EndGlobalSection
	GlobalSection(SolutionProperties) = preSolution
		HideSolutionNode = FALSE
	EndGlobalSection
	GlobalSection(ExtensibilityGlobals) = postSolution
		SolutionGuid = {37C3CAB5-53D4-41FB-9914-072010A2D445}
	EndGlobalSection
EndGlobal
